<?xml version="1.0" encoding="utf-8"?>
<Project ToolsVersion="4.0" xmlns="http://schemas.microsoft.com/developer/msbuild/2003">
  <ItemGroup>
    <Filter Include="Source Files">
      <UniqueIdentifier>{4FC737F1-C7A5-4376-A066-2A32D752A2FF}</UniqueIdentifier>
      <Extensions>qml;cpp;c;cc;cxx;def;odl;idl;hpj;bat;asm;asmx</Extensions>
    </Filter>
    <Filter Include="Header Files">
      <UniqueIdentifier>{93995380-89BD-4b04-88EB-625FBE52EBFB}</UniqueIdentifier>
      <Extensions>h;hh;hpp;hxx;hm;inl;inc;xsd</Extensions>
    </Filter>
    <Filter Include="Resource Files">
      <UniqueIdentifier>{67DA6AB6-F800-4c08-8B7A-83BB121AAD01}</UniqueIdentifier>
      <Extensions>qrc;rc;ico;cur;bmp;dlg;rc2;rct;bin;rgs;gif;jpg;jpeg;jpe;resx;tiff;tif;png;wav;mfcribbon-ms</Extensions>
    </Filter>
    <Filter Include="Form Files">
      <UniqueIdentifier>{99349809-55BA-4b9d-BF79-8FDBB0286EB3}</UniqueIdentifier>
      <Extensions>ui</Extensions>
    </Filter>
    <Filter Include="Translation Files">
      <UniqueIdentifier>{639EADAA-A684-42e4-A9AD-28FC9BCB8F7C}</UniqueIdentifier>
      <Extensions>ts</Extensions>
    </Filter>
    <Filter Include="Source Files\communication">
      <UniqueIdentifier>{2cbdb7f6-a7ee-494e-95dd-6d5a693c4a1d}</UniqueIdentifier>
    </Filter>
    <Filter Include="Header Files\communication">
      <UniqueIdentifier>{e38dfbfb-04aa-4854-991a-1ad433c519a1}</UniqueIdentifier>
    </Filter>
    <Filter Include="Source Files\protocol">
      <UniqueIdentifier>{c84a8a79-62c7-412f-9ae4-c977ad22fda3}</UniqueIdentifier>
    </Filter>
    <Filter Include="Header Files\protocol">
      <UniqueIdentifier>{9d4e7c6a-768f-46c0-9d69-c5ccc01db236}</UniqueIdentifier>
    </Filter>
  </ItemGroup>
  <ItemGroup>
    <QtRcc Include="qt_phased_array_antenna.qrc">
      <Filter>Resource Files</Filter>
    </QtRcc>
  </ItemGroup>
  <ItemGroup>
    <ClCompile Include="main.cpp">
      <Filter>Source Files</Filter>
    </ClCompile>
    <ClCompile Include="mainwindow.cpp">
      <Filter>Source Files\communication</Filter>
    </ClCompile>
    <ClCompile Include="Tcp.cpp">
      <Filter>Source Files\communication</Filter>
    </ClCompile>
    <ClCompile Include="SerialPort.cpp">
      <Filter>Source Files\communication</Filter>
    </ClCompile>
    <ClCompile Include="iProtocol.cpp">
      <Filter>Source Files\protocol</Filter>
    </ClCompile>
    <ClCompile Include="VFProtocol.cpp">
      <Filter>Source Files\protocol</Filter>
    </ClCompile>
    <ClCompile Include="CommManager.cpp">
      <Filter>Source Files\communication</Filter>
    </ClCompile>
    <ClCompile Include="AntennaProtocol.cpp">
      <Filter>Source Files\protocol</Filter>
    </ClCompile>
    <ClCompile Include="SerialConfigDialog.cpp">
      <Filter>Source Files\communication</Filter>
    </ClCompile>
    <ClCompile Include="TcpConfigDialog.cpp">
      <Filter>Source Files\communication</Filter>
    </ClCompile>
    <ClCompile Include="Module1.cpp">
      <Filter>Source Files\communication</Filter>
    </ClCompile>
    <ClCompile Include="Module2.cpp">
      <Filter>Source Files\communication</Filter>
    </ClCompile>
    <ClCompile Include="Module3.cpp">
      <Filter>Source Files\communication</Filter>
    </ClCompile>
    <ClCompile Include="Module4.cpp">
      <Filter>Source Files\communication</Filter>
    </ClCompile>
    <ClCompile Include="Module5.cpp">
      <Filter>Source Files\communication</Filter>
    </ClCompile>
    <ClCompile Include="iCommunication.cpp">
      <Filter>Source Files\communication</Filter>
    </ClCompile>
  </ItemGroup>
  <ItemGroup>
    <QtMoc Include="SerialPort.h">
      <Filter>Header Files\communication</Filter>
    </QtMoc>
    <QtMoc Include="mainwindow.h">
      <Filter>Header Files\communication</Filter>
    </QtMoc>
    <QtMoc Include="Tcp.h">
      <Filter>Header Files\communication</Filter>
    </QtMoc>
    <QtMoc Include="iCommunication.h">
      <Filter>Header Files\communication</Filter>
    </QtMoc>
    <QtMoc Include="AntennaProtocol.h">
      <Filter>Header Files\protocol</Filter>
    </QtMoc>
    <QtMoc Include="VFProtocol.h">
      <Filter>Header Files\protocol</Filter>
    </QtMoc>
    <QtMoc Include="iProtocol.h">
      <Filter>Header Files\protocol</Filter>
    </QtMoc>
    <QtMoc Include="CommManager.h">
      <Filter>Header Files\communication</Filter>
    </QtMoc>
    <QtMoc Include="TcpConfigDialog.h">
      <Filter>Header Files\communication</Filter>
    </QtMoc>
    <QtMoc Include="SerialConfigDialog.h">
      <Filter>Header Files\communication</Filter>
    </QtMoc>
    <QtMoc Include="Module1.h">
      <Filter>Header Files</Filter>
    </QtMoc>
    <QtMoc Include="Module2.h">
      <Filter>Header Files</Filter>
    </QtMoc>
    <QtMoc Include="Module3.h">
      <Filter>Header Files</Filter>
    </QtMoc>
    <QtMoc Include="Module4.h">
      <Filter>Header Files</Filter>
    </QtMoc>
    <QtMoc Include="Module5.h">
      <Filter>Header Files</Filter>
    </QtMoc>
  </ItemGroup>
  <ItemGroup>
    <QtUic Include="SeialCongigDialog.ui">
      <Filter>Form Files</Filter>
    </QtUic>
    <QtUic Include="TcpConfigDialog.ui">
      <Filter>Form Files</Filter>
    </QtUic>
    <QtUic Include="mainwindow.ui">
      <Filter>Form Files</Filter>
    </QtUic>
    <QtUic Include="module1.ui">
      <Filter>Form Files</Filter>
    </QtUic>
    <QtUic Include="module2.ui">
      <Filter>Form Files</Filter>
    </QtUic>
    <QtUic Include="module3.ui">
      <Filter>Form Files</Filter>
    </QtUic>
    <QtUic Include="module4.ui">
      <Filter>Form Files</Filter>
    </QtUic>
    <QtUic Include="module5.ui">
      <Filter>Form Files</Filter>
    </QtUic>
  </ItemGroup>
  <ItemGroup>
    <ClInclude Include="ProtocolFactory.h">
      <Filter>Header Files\protocol</Filter>
    </ClInclude>
  </ItemGroup>
</Project>